
Microsoft Visual Studio Solution File, Format Version 12.00
# Visual Studio Version 17
VisualStudioVersion = 17.5.002.0
MinimumVisualStudioVersion = 10.0.40219.1
Project("{9A19103F-16F7-4668-BE54-9A1E7A4F7556}") = "LHPet", "LHPet.csproj", "{D90E2BB3-6987-4BB5-AC9D-09E58FF571FD}"
EndProject
Global
	GlobalSection(SolutionConfigurationPlatforms) = preSolution
		Debug|Any CPU = Debug|Any CPU
		Release|Any CPU = Release|Any CPU
	EndGlobalSection
	GlobalSection(ProjectConfigurationPlatforms) = postSolution
		{D90E2BB3-6987-4BB5-AC9D-09E58FF571FD}.Debug|Any CPU.ActiveCfg = Debug|Any CPU
		{D90E2BB3-6987-4BB5-AC9D-09E58FF571FD}.Debug|Any CPU.Build.0 = Debug|Any CPU
		{D90E2BB3-6987-4BB5-AC9D-09E58FF571FD}.Release|Any CPU.ActiveCfg = Release|Any CPU
		{D90E2BB3-6987-4BB5-AC9D-09E58FF571FD}.Release|Any CPU.Build.0 = Release|Any CPU
	EndGlobalSection
	GlobalSection(SolutionProperties) = preSolution
		HideSolutionNode = FALSE
	EndGlobalSection
	GlobalSection(ExtensibilityGlobals) = postSolution
		SolutionGuid = {F4EBAA18-5FA3-42E0-8988-B2A1EC81A3BF}
	EndGlobalSection
EndGlobal
